
Microsoft Visual Studio Solution File, Format Version 12.00
# Visual Studio Express 2013 for Windows Desktop
VisualStudioVersion = 12.0.21005.1
MinimumVisualStudioVersion = 10.0.40219.1
Project("{FAE04EC0-301F-11D3-BF4B-00C04F79EFBC}") = "LockSample.App", "source\LockSample.App\LockSample.App.csproj", "{F5412488-FE88-4C13-A7C8-BD096297FDA9}"
EndProject
Project("{FAE04EC0-301F-11D3-BF4B-00C04F79EFBC}") = "LockSample.Core", "source\LockSample.Core\LockSample.Core.csproj", "{1DF273ED-40BA-420F-930F-5F6EE1FA5134}"
EndProject
Project("{FAE04EC0-301F-11D3-BF4B-00C04F79EFBC}") = "LockSample.Test.Unit", "test\LockSample.Test.Unit\LockSample.Test.Unit.csproj", "{E3BE7E99-E176-4F85-9717-691B1774A9E7}"
EndProject
Global
	GlobalSection(SolutionConfigurationPlatforms) = preSolution
		Debug|Any CPU = Debug|Any CPU
		Release|Any CPU = Release|Any CPU
	EndGlobalSection
	GlobalSection(ProjectConfigurationPlatforms) = postSolution
		{F5412488-FE88-4C13-A7C8-BD096297FDA9}.Debug|Any CPU.ActiveCfg = Debug|Any CPU
		{F5412488-FE88-4C13-A7C8-BD096297FDA9}.Debug|Any CPU.Build.0 = Debug|Any CPU
		{F5412488-FE88-4C13-A7C8-BD096297FDA9}.Release|Any CPU.ActiveCfg = Release|Any CPU
		{F5412488-FE88-4C13-A7C8-BD096297FDA9}.Release|Any CPU.Build.0 = Release|Any CPU
		{1DF273ED-40BA-420F-930F-5F6EE1FA5134}.Debug|Any CPU.ActiveCfg = Debug|Any CPU
		{1DF273ED-40BA-420F-930F-5F6EE1FA5134}.Debug|Any CPU.Build.0 = Debug|Any CPU
		{1DF273ED-40BA-420F-930F-5F6EE1FA5134}.Release|Any CPU.ActiveCfg = Release|Any CPU
		{1DF273ED-40BA-420F-930F-5F6EE1FA5134}.Release|Any CPU.Build.0 = Release|Any CPU
		{E3BE7E99-E176-4F85-9717-691B1774A9E7}.Debug|Any CPU.ActiveCfg = Debug|Any CPU
		{E3BE7E99-E176-4F85-9717-691B1774A9E7}.Debug|Any CPU.Build.0 = Debug|Any CPU
		{E3BE7E99-E176-4F85-9717-691B1774A9E7}.Release|Any CPU.ActiveCfg = Release|Any CPU
		{E3BE7E99-E176-4F85-9717-691B1774A9E7}.Release|Any CPU.Build.0 = Release|Any CPU
	EndGlobalSection
	GlobalSection(SolutionProperties) = preSolution
		HideSolutionNode = FALSE
	EndGlobalSection
EndGlobal
