
Microsoft Visual Studio Solution File, Format Version 12.00
# Visual Studio Express 2013 for Windows Desktop
VisualStudioVersion = 12.0.21005.1
MinimumVisualStudioVersion = 10.0.40219.1
Project("{FAE04EC0-301F-11D3-BF4B-00C04F79EFBC}") = "ProcessSample.App", "source\ProcessSample.App\ProcessSample.App.csproj", "{DCA9EF70-9299-42D1-AD3E-D02C75669C35}"
EndProject
Project("{FAE04EC0-301F-11D3-BF4B-00C04F79EFBC}") = "ProcessSample.Core", "source\ProcessSample.Core\ProcessSample.Core.csproj", "{65C8BED5-9A85-446C-8751-78A59DEE562F}"
EndProject
Project("{FAE04EC0-301F-11D3-BF4B-00C04F79EFBC}") = "ProcessSample.Test.Unit", "test\ProcessSample.Test.Unit\ProcessSample.Test.Unit.csproj", "{A2863249-B75D-440C-9185-2961196A4DE4}"
EndProject
Global
	GlobalSection(SolutionConfigurationPlatforms) = preSolution
		Debug|Any CPU = Debug|Any CPU
		Release|Any CPU = Release|Any CPU
	EndGlobalSection
	GlobalSection(ProjectConfigurationPlatforms) = postSolution
		{DCA9EF70-9299-42D1-AD3E-D02C75669C35}.Debug|Any CPU.ActiveCfg = Debug|Any CPU
		{DCA9EF70-9299-42D1-AD3E-D02C75669C35}.Debug|Any CPU.Build.0 = Debug|Any CPU
		{DCA9EF70-9299-42D1-AD3E-D02C75669C35}.Release|Any CPU.ActiveCfg = Release|Any CPU
		{DCA9EF70-9299-42D1-AD3E-D02C75669C35}.Release|Any CPU.Build.0 = Release|Any CPU
		{65C8BED5-9A85-446C-8751-78A59DEE562F}.Debug|Any CPU.ActiveCfg = Debug|Any CPU
		{65C8BED5-9A85-446C-8751-78A59DEE562F}.Debug|Any CPU.Build.0 = Debug|Any CPU
		{65C8BED5-9A85-446C-8751-78A59DEE562F}.Release|Any CPU.ActiveCfg = Release|Any CPU
		{65C8BED5-9A85-446C-8751-78A59DEE562F}.Release|Any CPU.Build.0 = Release|Any CPU
		{A2863249-B75D-440C-9185-2961196A4DE4}.Debug|Any CPU.ActiveCfg = Debug|Any CPU
		{A2863249-B75D-440C-9185-2961196A4DE4}.Debug|Any CPU.Build.0 = Debug|Any CPU
		{A2863249-B75D-440C-9185-2961196A4DE4}.Release|Any CPU.ActiveCfg = Release|Any CPU
		{A2863249-B75D-440C-9185-2961196A4DE4}.Release|Any CPU.Build.0 = Release|Any CPU
	EndGlobalSection
	GlobalSection(SolutionProperties) = preSolution
		HideSolutionNode = FALSE
	EndGlobalSection
EndGlobal
