Microsoft Visual Studio Solution File, Format Version 12.00
# Visual Studio 15
VisualStudioVersion = 15.0.27130.2027
MinimumVisualStudioVersion = 15.0.26124.0
Project("{9A19103F-16F7-4668-BE54-9A1E7A4F7556}") = "GW.Expressions", "GW.Expressions\GW.Expressions.csproj", "{7C0B47F9-F9A9-4587-A589-CF0419545255}"
EndProject
Project("{9A19103F-16F7-4668-BE54-9A1E7A4F7556}") = "GW.Expressions.Test", "GW.Expressions.Test\GW.Expressions.Test.csproj", "{7A31611E-27E5-48B2-AE5D-8CFF8EF4E7AB}"
EndProject
Project("{9A19103F-16F7-4668-BE54-9A1E7A4F7556}") = "GW.Statements", "GW.Statements\GW.Statements.csproj", "{786D0E62-2CE1-4676-803D-06BE64B0341D}"
EndProject
Project("{9A19103F-16F7-4668-BE54-9A1E7A4F7556}") = "GW.Statements.Test", "GW.Statements.Test\GW.Statements.Test.csproj", "{488C84DD-C28A-4A4E-8BE0-C877ACD9FB1B}"
EndProject
Global
	GlobalSection(SolutionConfigurationPlatforms) = preSolution
		Debug|Any CPU = Debug|Any CPU
		Release|Any CPU = Release|Any CPU
	EndGlobalSection
	GlobalSection(ProjectConfigurationPlatforms) = postSolution
		{7C0B47F9-F9A9-4587-A589-CF0419545255}.Debug|Any CPU.ActiveCfg = Debug|Any CPU
		{7C0B47F9-F9A9-4587-A589-CF0419545255}.Debug|Any CPU.Build.0 = Debug|Any CPU
		{7C0B47F9-F9A9-4587-A589-CF0419545255}.Release|Any CPU.ActiveCfg = Release|Any CPU
		{7C0B47F9-F9A9-4587-A589-CF0419545255}.Release|Any CPU.Build.0 = Release|Any CPU
		{7A31611E-27E5-48B2-AE5D-8CFF8EF4E7AB}.Debug|Any CPU.ActiveCfg = Debug|Any CPU
		{7A31611E-27E5-48B2-AE5D-8CFF8EF4E7AB}.Debug|Any CPU.Build.0 = Debug|Any CPU
		{7A31611E-27E5-48B2-AE5D-8CFF8EF4E7AB}.Release|Any CPU.ActiveCfg = Release|Any CPU
		{7A31611E-27E5-48B2-AE5D-8CFF8EF4E7AB}.Release|Any CPU.Build.0 = Release|Any CPU
		{786D0E62-2CE1-4676-803D-06BE64B0341D}.Debug|Any CPU.ActiveCfg = Debug|Any CPU
		{786D0E62-2CE1-4676-803D-06BE64B0341D}.Debug|Any CPU.Build.0 = Debug|Any CPU
		{786D0E62-2CE1-4676-803D-06BE64B0341D}.Release|Any CPU.ActiveCfg = Release|Any CPU
		{786D0E62-2CE1-4676-803D-06BE64B0341D}.Release|Any CPU.Build.0 = Release|Any CPU
		{488C84DD-C28A-4A4E-8BE0-C877ACD9FB1B}.Debug|Any CPU.ActiveCfg = Debug|Any CPU
		{488C84DD-C28A-4A4E-8BE0-C877ACD9FB1B}.Debug|Any CPU.Build.0 = Debug|Any CPU
		{488C84DD-C28A-4A4E-8BE0-C877ACD9FB1B}.Release|Any CPU.ActiveCfg = Release|Any CPU
		{488C84DD-C28A-4A4E-8BE0-C877ACD9FB1B}.Release|Any CPU.Build.0 = Release|Any CPU
	EndGlobalSection
	GlobalSection(SolutionProperties) = preSolution
		HideSolutionNode = FALSE
	EndGlobalSection
	GlobalSection(ExtensibilityGlobals) = postSolution
		SolutionGuid = {837FD674-08B0-48E8-A6CB-70E16F9B9049}
	EndGlobalSection
EndGlobal
